
Microsoft Visual Studio Solution File, Format Version 12.00
# Visual Studio Version 17
VisualStudioVersion = 17.8.34525.116
MinimumVisualStudioVersion = 10.0.40219.1
Project("{FAE04EC0-301F-11D3-BF4B-00C04F79EFBC}") = "WebApi", "WebApi\WebApi.csproj", "{CCCAC4D3-C586-41D1-83D7-D01BEBB0AF99}"
EndProject
Project("{FAE04EC0-301F-11D3-BF4B-00C04F79EFBC}") = "Business", "Business\Business.csproj", "{CCC2A099-7C84-431C-8914-2C3BF279E135}"
EndProject
Project("{FAE04EC0-301F-11D3-BF4B-00C04F79EFBC}") = "DataAccess", "DataAccess\DataAccess.csproj", "{9CE3DE6F-BDCE-4AC1-8B3B-35FC20957C10}"
EndProject
Project("{FAE04EC0-301F-11D3-BF4B-00C04F79EFBC}") = "Entities", "Entities\Entities.csproj", "{70F2B1C0-0D12-49E5-B8DD-4EC0C6044C48}"
EndProject
Project("{FAE04EC0-301F-11D3-BF4B-00C04F79EFBC}") = "Core", "Core\Core.csproj", "{44E4A925-9AA4-409F-9998-82FCCC37E737}"
EndProject
Global
	GlobalSection(SolutionConfigurationPlatforms) = preSolution
		Debug|Any CPU = Debug|Any CPU
		Release|Any CPU = Release|Any CPU
	EndGlobalSection
	GlobalSection(ProjectConfigurationPlatforms) = postSolution
		{CCCAC4D3-C586-41D1-83D7-D01BEBB0AF99}.Debug|Any CPU.ActiveCfg = Debug|Any CPU
		{CCCAC4D3-C586-41D1-83D7-D01BEBB0AF99}.Debug|Any CPU.Build.0 = Debug|Any CPU
		{CCCAC4D3-C586-41D1-83D7-D01BEBB0AF99}.Release|Any CPU.ActiveCfg = Release|Any CPU
		{CCCAC4D3-C586-41D1-83D7-D01BEBB0AF99}.Release|Any CPU.Build.0 = Release|Any CPU
		{CCC2A099-7C84-431C-8914-2C3BF279E135}.Debug|Any CPU.ActiveCfg = Debug|Any CPU
		{CCC2A099-7C84-431C-8914-2C3BF279E135}.Debug|Any CPU.Build.0 = Debug|Any CPU
		{CCC2A099-7C84-431C-8914-2C3BF279E135}.Release|Any CPU.ActiveCfg = Release|Any CPU
		{CCC2A099-7C84-431C-8914-2C3BF279E135}.Release|Any CPU.Build.0 = Release|Any CPU
		{9CE3DE6F-BDCE-4AC1-8B3B-35FC20957C10}.Debug|Any CPU.ActiveCfg = Debug|Any CPU
		{9CE3DE6F-BDCE-4AC1-8B3B-35FC20957C10}.Debug|Any CPU.Build.0 = Debug|Any CPU
		{9CE3DE6F-BDCE-4AC1-8B3B-35FC20957C10}.Release|Any CPU.ActiveCfg = Release|Any CPU
		{9CE3DE6F-BDCE-4AC1-8B3B-35FC20957C10}.Release|Any CPU.Build.0 = Release|Any CPU
		{70F2B1C0-0D12-49E5-B8DD-4EC0C6044C48}.Debug|Any CPU.ActiveCfg = Debug|Any CPU
		{70F2B1C0-0D12-49E5-B8DD-4EC0C6044C48}.Debug|Any CPU.Build.0 = Debug|Any CPU
		{70F2B1C0-0D12-49E5-B8DD-4EC0C6044C48}.Release|Any CPU.ActiveCfg = Release|Any CPU
		{70F2B1C0-0D12-49E5-B8DD-4EC0C6044C48}.Release|Any CPU.Build.0 = Release|Any CPU
		{44E4A925-9AA4-409F-9998-82FCCC37E737}.Debug|Any CPU.ActiveCfg = Debug|Any CPU
		{44E4A925-9AA4-409F-9998-82FCCC37E737}.Debug|Any CPU.Build.0 = Debug|Any CPU
		{44E4A925-9AA4-409F-9998-82FCCC37E737}.Release|Any CPU.ActiveCfg = Release|Any CPU
		{44E4A925-9AA4-409F-9998-82FCCC37E737}.Release|Any CPU.Build.0 = Release|Any CPU
	EndGlobalSection
	GlobalSection(SolutionProperties) = preSolution
		HideSolutionNode = FALSE
	EndGlobalSection
	GlobalSection(ExtensibilityGlobals) = postSolution
		SolutionGuid = {A5288133-C6CB-42D9-9E3E-50545CA923F7}
	EndGlobalSection
EndGlobal
