
Microsoft Visual Studio Solution File, Format Version 12.00
# Visual Studio Version 17
VisualStudioVersion = 17.8.34525.116
MinimumVisualStudioVersion = 10.0.40219.1
Project("{FAE04EC0-301F-11D3-BF4B-00C04F79EFBC}") = "TypesAndVariables", "TypesAndVariables\TypesAndVariables.csproj", "{B94E26EA-355F-4927-B54A-9FB6DAA58C58}"
EndProject
Project("{FAE04EC0-301F-11D3-BF4B-00C04F79EFBC}") = "Conditionals", "Conditionals\Conditionals.csproj", "{91BB4B26-A0EF-4C5B-AC25-E5B4569B3E5B}"
EndProject
Project("{FAE04EC0-301F-11D3-BF4B-00C04F79EFBC}") = "Methods", "Methods\Methods.csproj", "{680CBDEE-10CC-4164-8EB6-064355377437}"
EndProject
Global
	GlobalSection(SolutionConfigurationPlatforms) = preSolution
		Debug|Any CPU = Debug|Any CPU
		Release|Any CPU = Release|Any CPU
	EndGlobalSection
	GlobalSection(ProjectConfigurationPlatforms) = postSolution
		{B94E26EA-355F-4927-B54A-9FB6DAA58C58}.Debug|Any CPU.ActiveCfg = Debug|Any CPU
		{B94E26EA-355F-4927-B54A-9FB6DAA58C58}.Debug|Any CPU.Build.0 = Debug|Any CPU
		{B94E26EA-355F-4927-B54A-9FB6DAA58C58}.Release|Any CPU.ActiveCfg = Release|Any CPU
		{B94E26EA-355F-4927-B54A-9FB6DAA58C58}.Release|Any CPU.Build.0 = Release|Any CPU
		{91BB4B26-A0EF-4C5B-AC25-E5B4569B3E5B}.Debug|Any CPU.ActiveCfg = Debug|Any CPU
		{91BB4B26-A0EF-4C5B-AC25-E5B4569B3E5B}.Debug|Any CPU.Build.0 = Debug|Any CPU
		{91BB4B26-A0EF-4C5B-AC25-E5B4569B3E5B}.Release|Any CPU.ActiveCfg = Release|Any CPU
		{91BB4B26-A0EF-4C5B-AC25-E5B4569B3E5B}.Release|Any CPU.Build.0 = Release|Any CPU
		{680CBDEE-10CC-4164-8EB6-064355377437}.Debug|Any CPU.ActiveCfg = Debug|Any CPU
		{680CBDEE-10CC-4164-8EB6-064355377437}.Debug|Any CPU.Build.0 = Debug|Any CPU
		{680CBDEE-10CC-4164-8EB6-064355377437}.Release|Any CPU.ActiveCfg = Release|Any CPU
		{680CBDEE-10CC-4164-8EB6-064355377437}.Release|Any CPU.Build.0 = Release|Any CPU
	EndGlobalSection
	GlobalSection(SolutionProperties) = preSolution
		HideSolutionNode = FALSE
	EndGlobalSection
	GlobalSection(ExtensibilityGlobals) = postSolution
		SolutionGuid = {144EFFBA-7923-431A-9070-7E120B3E95C9}
	EndGlobalSection
EndGlobal
